
Microsoft Visual Studio Solution File, Format Version 12.00
# Visual Studio 15
VisualStudioVersion = 15.0.28307.572
MinimumVisualStudioVersion = 10.0.40219.1
Project("{FAE04EC0-301F-11D3-BF4B-00C04F79EFBC}") = "MovieApplication", "MovieApplication\MovieApplication.csproj", "{5F8720C5-C6C6-422B-B868-5D8012176592}"
EndProject
Global
	GlobalSection(SolutionConfigurationPlatforms) = preSolution
		Debug|Any CPU = Debug|Any CPU
		Release|Any CPU = Release|Any CPU
	EndGlobalSection
	GlobalSection(ProjectConfigurationPlatforms) = postSolution
		{5F8720C5-C6C6-422B-B868-5D8012176592}.Debug|Any CPU.ActiveCfg = Debug|Any CPU
		{5F8720C5-C6C6-422B-B868-5D8012176592}.Debug|Any CPU.Build.0 = Debug|Any CPU
		{5F8720C5-C6C6-422B-B868-5D8012176592}.Release|Any CPU.ActiveCfg = Release|Any CPU
		{5F8720C5-C6C6-422B-B868-5D8012176592}.Release|Any CPU.Build.0 = Release|Any CPU
	EndGlobalSection
	GlobalSection(SolutionProperties) = preSolution
		HideSolutionNode = FALSE
	EndGlobalSection
	GlobalSection(ExtensibilityGlobals) = postSolution
		SolutionGuid = {21AF9EB5-AB28-4577-94B6-D2B821C31E6D}
	EndGlobalSection
EndGlobal
